<?xml version="1.0" encoding="utf-8"?>
<Project ToolsVersion="4.0" xmlns="http://schemas.microsoft.com/developer/msbuild/2003">
  <ItemGroup>
    <Filter Include="소스 파일">
      <UniqueIdentifier>{4FC737F1-C7A5-4376-A066-2A32D752A2FF}</UniqueIdentifier>
      <Extensions>cpp;c;cc;cxx;c++;cppm;ixx;def;odl;idl;hpj;bat;asm;asmx</Extensions>
    </Filter>
    <Filter Include="헤더 파일">
      <UniqueIdentifier>{93995380-89BD-4b04-88EB-625FBE52EBFB}</UniqueIdentifier>
      <Extensions>h;hh;hpp;hxx;h++;hm;inl;inc;ipp;xsd</Extensions>
    </Filter>
    <Filter Include="리소스 파일">
      <UniqueIdentifier>{67DA6AB6-F800-4c08-8B7A-83BB121AAD01}</UniqueIdentifier>
      <Extensions>rc;ico;cur;bmp;dlg;rc2;rct;bin;rgs;gif;jpg;jpeg;jpe;resx;tiff;tif;png;wav;mfcribbon-ms</Extensions>
    </Filter>
    <Filter Include="Utils">
      <UniqueIdentifier>{707de3f2-ad41-4244-9068-33aa787c294d}</UniqueIdentifier>
    </Filter>
    <Filter Include="Object">
      <UniqueIdentifier>{aa546ec0-55fd-4536-bfe9-537fe507deef}</UniqueIdentifier>
    </Filter>
    <Filter Include="Protocol">
      <UniqueIdentifier>{9179bd48-b466-4092-912f-12622e3075e6}</UniqueIdentifier>
    </Filter>
    <Filter Include="Enum">
      <UniqueIdentifier>{b8fa3af6-d725-402e-a8b5-6e4c13606ce9}</UniqueIdentifier>
    </Filter>
    <Filter Include="PCH">
      <UniqueIdentifier>{5444304f-26dc-4a37-9957-609e25ee3bbf}</UniqueIdentifier>
    </Filter>
  </ItemGroup>
  <ItemGroup>
    <ClCompile Include="main.cpp">
      <Filter>소스 파일</Filter>
    </ClCompile>
    <ClCompile Include="CCrashDump.cpp">
      <Filter>Utils</Filter>
    </ClCompile>
    <ClCompile Include="DBConnector.cpp">
      <Filter>Utils</Filter>
    </ClCompile>
    <ClCompile Include="Logger.cpp">
      <Filter>Utils</Filter>
    </ClCompile>
    <ClCompile Include="MonitoringClient.cpp">
      <Filter>Utils</Filter>
    </ClCompile>
    <ClCompile Include="ProcessDataHelper.cpp">
      <Filter>Utils</Filter>
    </ClCompile>
    <ClCompile Include="ProcessTaskManager.cpp">
      <Filter>Utils</Filter>
    </ClCompile>
    <ClCompile Include="LoginThread.cpp">
      <Filter>소스 파일</Filter>
    </ClCompile>
    <ClCompile Include="GameThread.cpp">
      <Filter>소스 파일</Filter>
    </ClCompile>
    <ClCompile Include="DBWriterThread.cpp">
      <Filter>Utils</Filter>
    </ClCompile>
    <ClCompile Include="stdafx.cpp">
      <Filter>PCH</Filter>
    </ClCompile>
    <ClCompile Include="Sector.cpp">
      <Filter>소스 파일</Filter>
    </ClCompile>
    <ClCompile Include="NetEventListener.cpp">
      <Filter>소스 파일</Filter>
    </ClCompile>
    <ClCompile Include="Monster.cpp">
      <Filter>소스 파일</Filter>
    </ClCompile>
    <ClCompile Include="Point.cpp">
      <Filter>소스 파일</Filter>
    </ClCompile>
    <ClCompile Include="ClientIDGenerator.cpp">
      <Filter>소스 파일</Filter>
    </ClCompile>
  </ItemGroup>
  <ItemGroup>
    <ClInclude Include="CCrashDump.h">
      <Filter>Utils</Filter>
    </ClInclude>
    <ClInclude Include="DBConnector.h">
      <Filter>Utils</Filter>
    </ClInclude>
    <ClInclude Include="Logger.h">
      <Filter>Utils</Filter>
    </ClInclude>
    <ClInclude Include="MonitoringClient.h">
      <Filter>Utils</Filter>
    </ClInclude>
    <ClInclude Include="ProcessDataHelper.h">
      <Filter>Utils</Filter>
    </ClInclude>
    <ClInclude Include="ProcessTaskManager.h">
      <Filter>Utils</Filter>
    </ClInclude>
    <ClInclude Include="LoginThread.h">
      <Filter>헤더 파일</Filter>
    </ClInclude>
    <ClInclude Include="GameThread.h">
      <Filter>헤더 파일</Filter>
    </ClInclude>
    <ClInclude Include="NetEventListener.h">
      <Filter>헤더 파일</Filter>
    </ClInclude>
    <ClInclude Include="ClientIDGenerator.h">
      <Filter>헤더 파일</Filter>
    </ClInclude>
    <ClInclude Include="DBWriterThread.h">
      <Filter>Utils</Filter>
    </ClInclude>
    <ClInclude Include="Monster.h">
      <Filter>Object</Filter>
    </ClInclude>
    <ClInclude Include="Object.h">
      <Filter>Object</Filter>
    </ClInclude>
    <ClInclude Include="Player.h">
      <Filter>Object</Filter>
    </ClInclude>
    <ClInclude Include="Cristal.h">
      <Filter>Object</Filter>
    </ClInclude>
    <ClInclude Include="CommonProtocol.h">
      <Filter>Protocol</Filter>
    </ClInclude>
    <ClInclude Include="ECharacterType.h">
      <Filter>Enum</Filter>
    </ClInclude>
    <ClInclude Include="EContentType.h">
      <Filter>Enum</Filter>
    </ClInclude>
    <ClInclude Include="EObjectType.h">
      <Filter>Enum</Filter>
    </ClInclude>
    <ClInclude Include="EObjectStatus.h">
      <Filter>Enum</Filter>
    </ClInclude>
    <ClInclude Include="stdafx.h">
      <Filter>PCH</Filter>
    </ClInclude>
    <ClInclude Include="Sector.h">
      <Filter>헤더 파일</Filter>
    </ClInclude>
    <ClInclude Include="Point.h">
      <Filter>헤더 파일</Filter>
    </ClInclude>
  </ItemGroup>
</Project>