<?xml version="1.0" encoding="utf-8"?>
<Project ToolsVersion="4.0" xmlns="http://schemas.microsoft.com/developer/msbuild/2003">
  <ItemGroup>
    <Filter Include="소스 파일">
      <UniqueIdentifier>{4FC737F1-C7A5-4376-A066-2A32D752A2FF}</UniqueIdentifier>
      <Extensions>cpp;c;cc;cxx;c++;cppm;ixx;def;odl;idl;hpj;bat;asm;asmx</Extensions>
    </Filter>
    <Filter Include="헤더 파일">
      <UniqueIdentifier>{93995380-89BD-4b04-88EB-625FBE52EBFB}</UniqueIdentifier>
      <Extensions>h;hh;hpp;hxx;h++;hm;inl;inc;ipp;xsd</Extensions>
    </Filter>
    <Filter Include="리소스 파일">
      <UniqueIdentifier>{67DA6AB6-F800-4c08-8B7A-83BB121AAD01}</UniqueIdentifier>
      <Extensions>rc;ico;cur;bmp;dlg;rc2;rct;bin;rgs;gif;jpg;jpeg;jpe;resx;tiff;tif;png;wav;mfcribbon-ms</Extensions>
    </Filter>
  </ItemGroup>
  <ItemGroup>
    <ClInclude Include="framework.h">
      <Filter>헤더 파일</Filter>
    </ClInclude>
    <ClInclude Include="pch.h">
      <Filter>헤더 파일</Filter>
    </ClInclude>
    <ClInclude Include="Chunk.h">
      <Filter>헤더 파일</Filter>
    </ClInclude>
    <ClInclude Include="EIOType.h">
      <Filter>헤더 파일</Filter>
    </ClInclude>
    <ClInclude Include="INetworkServerEventListener.h">
      <Filter>헤더 파일</Filter>
    </ClInclude>
    <ClInclude Include="LANServer.h">
      <Filter>헤더 파일</Filter>
    </ClInclude>
    <ClInclude Include="LockFreeQueue.h">
      <Filter>헤더 파일</Filter>
    </ClInclude>
    <ClInclude Include="LockFreeStack.h">
      <Filter>헤더 파일</Filter>
    </ClInclude>
    <ClInclude Include="Message.h">
      <Filter>헤더 파일</Filter>
    </ClInclude>
    <ClInclude Include="ObjectPool.h">
      <Filter>헤더 파일</Filter>
    </ClInclude>
    <ClInclude Include="RingBuffer.h">
      <Filter>헤더 파일</Filter>
    </ClInclude>
    <ClInclude Include="Session.h">
      <Filter>헤더 파일</Filter>
    </ClInclude>
    <ClInclude Include="TLSObjectPool.h">
      <Filter>헤더 파일</Filter>
    </ClInclude>
    <ClInclude Include="TLSObjectPoolMiddleware.h">
      <Filter>헤더 파일</Filter>
    </ClInclude>
    <ClInclude Include="WANServer.h">
      <Filter>헤더 파일</Filter>
    </ClInclude>
    <ClInclude Include="NetworkLib.h">
      <Filter>헤더 파일</Filter>
    </ClInclude>
    <ClInclude Include="WANClient.h">
      <Filter>헤더 파일</Filter>
    </ClInclude>
    <ClInclude Include="PacketHeader.h">
      <Filter>헤더 파일</Filter>
    </ClInclude>
    <ClInclude Include="INetworkClientEventListener.h">
      <Filter>헤더 파일</Filter>
    </ClInclude>
    <ClInclude Include="Crypto.h">
      <Filter>헤더 파일</Filter>
    </ClInclude>
    <ClInclude Include="LANClient.h">
      <Filter>헤더 파일</Filter>
    </ClInclude>
    <ClInclude Include="ContentThread.h">
      <Filter>헤더 파일</Filter>
    </ClInclude>
  </ItemGroup>
  <ItemGroup>
    <ClCompile Include="NetworkLib.cpp">
      <Filter>소스 파일</Filter>
    </ClCompile>
    <ClCompile Include="pch.cpp">
      <Filter>소스 파일</Filter>
    </ClCompile>
    <ClCompile Include="LANServer.cpp">
      <Filter>소스 파일</Filter>
    </ClCompile>
    <ClCompile Include="Message.cpp">
      <Filter>소스 파일</Filter>
    </ClCompile>
    <ClCompile Include="RingBuffer.cpp">
      <Filter>소스 파일</Filter>
    </ClCompile>
    <ClCompile Include="Session.cpp">
      <Filter>소스 파일</Filter>
    </ClCompile>
    <ClCompile Include="WANServer.cpp">
      <Filter>소스 파일</Filter>
    </ClCompile>
    <ClCompile Include="WANClient.cpp">
      <Filter>소스 파일</Filter>
    </ClCompile>
    <ClCompile Include="Crypto.cpp">
      <Filter>소스 파일</Filter>
    </ClCompile>
    <ClCompile Include="LANClient.cpp">
      <Filter>소스 파일</Filter>
    </ClCompile>
    <ClCompile Include="ContentThread.cpp">
      <Filter>소스 파일</Filter>
    </ClCompile>
  </ItemGroup>
</Project>